
Microsoft Visual Studio Solution File, Format Version 12.00
# Visual Studio Version 17
VisualStudioVersion = 17.11.35312.102
MinimumVisualStudioVersion = 10.0.40219.1
Project("{FAE04EC0-301F-11D3-BF4B-00C04F79EFBC}") = "Assignment_3", "Assignment_3\Assignment_3.csproj", "{C145A466-F0A5-479B-AA0A-1256F3276C52}"
EndProject
Global
	GlobalSection(SolutionConfigurationPlatforms) = preSolution
		Debug|Any CPU = Debug|Any CPU
		Release|Any CPU = Release|Any CPU
	EndGlobalSection
	GlobalSection(ProjectConfigurationPlatforms) = postSolution
		{C145A466-F0A5-479B-AA0A-1256F3276C52}.Debug|Any CPU.ActiveCfg = Debug|Any CPU
		{C145A466-F0A5-479B-AA0A-1256F3276C52}.Debug|Any CPU.Build.0 = Debug|Any CPU
		{C145A466-F0A5-479B-AA0A-1256F3276C52}.Release|Any CPU.ActiveCfg = Release|Any CPU
		{C145A466-F0A5-479B-AA0A-1256F3276C52}.Release|Any CPU.Build.0 = Release|Any CPU
	EndGlobalSection
	GlobalSection(SolutionProperties) = preSolution
		HideSolutionNode = FALSE
	EndGlobalSection
	GlobalSection(ExtensibilityGlobals) = postSolution
		SolutionGuid = {B34D9A39-4645-4FCB-AF54-2D55FD114C21}
	EndGlobalSection
EndGlobal
